
Microsoft Visual Studio Solution File, Format Version 12.00
# Visual Studio Version 17
VisualStudioVersion = 17.14.36301.6 d17.14
MinimumVisualStudioVersion = 10.0.40219.1
Project("{FAE04EC0-301F-11D3-BF4B-00C04F79EFBC}") = "InvetorySytstem", "InvetorySytstem.csproj", "{BA90BE8F-5E41-4E0B-87BE-44D15C10E02E}"
EndProject
Global
	GlobalSection(SolutionConfigurationPlatforms) = preSolution
		Debug|Any CPU = Debug|Any CPU
		Release|Any CPU = Release|Any CPU
	EndGlobalSection
	GlobalSection(ProjectConfigurationPlatforms) = postSolution
		{BA90BE8F-5E41-4E0B-87BE-44D15C10E02E}.Debug|Any CPU.ActiveCfg = Debug|Any CPU
		{BA90BE8F-5E41-4E0B-87BE-44D15C10E02E}.Debug|Any CPU.Build.0 = Debug|Any CPU
		{BA90BE8F-5E41-4E0B-87BE-44D15C10E02E}.Release|Any CPU.ActiveCfg = Release|Any CPU
		{BA90BE8F-5E41-4E0B-87BE-44D15C10E02E}.Release|Any CPU.Build.0 = Release|Any CPU
	EndGlobalSection
	GlobalSection(SolutionProperties) = preSolution
		HideSolutionNode = FALSE
	EndGlobalSection
	GlobalSection(ExtensibilityGlobals) = postSolution
		SolutionGuid = {8BD4F7D8-42D6-4018-B602-559E596CB517}
	EndGlobalSection
EndGlobal
